version = 1
revision = 3
requires-python = ">=3.11"
resolution-markers = [
    "platform_machine == 'ARM64' and sys_platform == 'win32'",
    "platform_machine != 'ARM64' or sys_platform != 'win32'",
]

[[package]]
name = "certifi"
version = "2026.2.25"
source = { registry = "https://pypi.org/simple" }
sdist = { url = "https://files.pythonhosted.org/packages/af/2d/7bf41579a8986e348fa033a31cdd0e4121114f6bce2457e8876010b092dd/certifi-2026.2.25.tar.gz", hash = "sha256:e887ab5cee78ea814d3472169153c2d12cd43b14bd03329a39a9c6e2e80bfba7", size = 155029, upload-time = "2026-02-25T02:54:17.342Z" }
wheels = [
    { url = "https://files.pythonhosted.org/packages/9a/3c/c17fb3ca2d9c3acff52e30b309f538586f9f5b9c9cf454f3845fc9af4881/certifi-2026.2.25-py3-none-any.whl", hash = "sha256:027692e4402ad994f1c42e52a4997a9763c646b73e4096e4d5d6db8af1d6f0fa", size = 153684, upload-time = "2026-02-25T02:54:15.766Z" },
]

[[package]]
name = "cftime"
version = "1.6.5"
source = { registry = "https://pypi.org/simple" }
dependencies = [
    { name = "numpy" },
]
sdist = { url = "https://files.pythonhosted.org/packages/65/dc/470ffebac2eb8c54151eb893055024fe81b1606e7c6ff8449a588e9cd17f/cftime-1.6.5.tar.gz", hash = "sha256:8225fed6b9b43fb87683ebab52130450fc1730011150d3092096a90e54d1e81e", size = 326605, upload-time = "2025-10-13T18:56:26.352Z" }
wheels = [
    { url = "https://files.pythonhosted.org/packages/e4/f6/9da7aba9548ede62d25936b8b448acd7e53e5dcc710896f66863dcc9a318/cftime-1.6.5-cp311-cp311-macosx_10_9_x86_64.whl", hash = "sha256:474e728f5a387299418f8d7cb9c52248dcd5d977b2a01de7ec06bba572e26b02", size = 512733, upload-time = "2025-10-13T18:56:00.189Z" },
    { url = "https://files.pythonhosted.org/packages/1f/d5/d86ad95fc1fd89947c34b495ff6487b6d361cf77500217423b4ebcb1f0c2/cftime-1.6.5-cp311-cp311-macosx_11_0_arm64.whl", hash = "sha256:ab9e80d4de815cac2e2d88a2335231254980e545d0196eb34ee8f7ed612645f1", size = 492946, upload-time = "2025-10-13T18:56:01.262Z" },
    { url = "https://files.pythonhosted.org/packages/4f/93/d7e8dd76b03a9d5be41a3b3185feffc7ea5359228bdffe7aa43ac772a75b/cftime-1.6.5-cp311-cp311-manylinux2014_aarch64.manylinux_2_17_aarch64.whl", hash = "sha256:ad24a563784e4795cb3d04bd985895b5db49ace2cbb71fcf1321fd80141f9a52", size = 1689856, upload-time = "2025-10-13T19:39:12.873Z" },
    { url = "https://files.pythonhosted.org/packages/3e/8d/86586c0d75110f774e46e2bd6d134e2d1cca1dedc9bb08c388fa3df76acd/cftime-1.6.5-cp311-cp311-manylinux2014_x86_64.manylinux_2_17_x86_64.whl", hash = "sha256:a3cda6fd12c7fb25eff40a6a857a2bf4d03e8cc71f80485d8ddc65ccbd80f16a", size = 1718573, upload-time = "2025-10-13T18:56:02.788Z" },
    { url = "https://files.pythonhosted.org/packages/bb/fe/7956914cfc135992e89098ebbc67d683c51ace5366ba4b114fef1de89b21/cftime-1.6.5-cp311-cp311-musllinux_1_2_x86_64.whl", hash = "sha256:28cda78d685397ba23d06273b9c916c3938d8d9e6872a537e76b8408a321369b", size = 1788563, upload-time = "2025-10-13T18:56:04.075Z" },
    { url = "https://files.pythonhosted.org/packages/e5/c7/6669708fcfe1bb7b2a7ce693b8cc67165eac00d3ac5a5e8f6ce1be551ff9/cftime-1.6.5-cp311-cp311-win_amd64.whl", hash = "sha256:93ead088e3a216bdeb9368733a0ef89a7451dfc1d2de310c1c0366a56ad60dc8", size = 473631, upload-time = "2025-10-13T18:56:05.159Z" },
    { url = "https://files.pythonhosted.org/packages/82/c5/d70cb1ab533ca790d7c9b69f98215fa4fead17f05547e928c8f2b8f96e54/cftime-1.6.5-cp311-cp311-win_arm64.whl", hash = "sha256:3384d69a0a7f3d45bded21a8cbcce66c8ba06c13498eac26c2de41b1b9b6e890", size = 459383, upload-time = "2026-01-02T21:16:47.317Z" },
    { url = "https://files.pythonhosted.org/packages/b6/c1/e8cb7f78a3f87295450e7300ebaecf83076d96a99a76190593d4e1d2be40/cftime-1.6.5-cp312-cp312-macosx_10_13_x86_64.whl", hash = "sha256:eef25caed5ebd003a38719bd3ff8847cd52ef2ea56c3ebdb2c9345ba131fc7c5", size = 504175, upload-time = "2025-10-13T18:56:06.398Z" },
    { url = "https://files.pythonhosted.org/packages/50/1a/86e1072b09b2f9049bb7378869f64b6747f96a4f3008142afed8955b52a4/cftime-1.6.5-cp312-cp312-macosx_11_0_arm64.whl", hash = "sha256:c87d2f3b949e45463e559233c69e6a9cf691b2b378c1f7556166adfabbd1c6b0", size = 485980, upload-time = "2025-10-13T18:56:08.669Z" },
    { url = "https://files.pythonhosted.org/packages/35/28/d3177b60da3f308b60dee2aef2eb69997acfab1e863f0bf0d2a418396ce5/cftime-1.6.5-cp312-cp312-manylinux2014_aarch64.manylinux_2_17_aarch64.whl", hash = "sha256:82cb413973cc51b55642b3a1ca5b28db5b93a294edbef7dc049c074b478b4647", size = 1591166, upload-time = "2025-10-13T19:39:14.109Z" },
    { url = "https://files.pythonhosted.org/packages/d1/fd/a7266970312df65e68b5641b86e0540a739182f5e9c62eec6dbd29f18055/cftime-1.6.5-cp312-cp312-manylinux2014_x86_64.manylinux_2_17_x86_64.whl", hash = "sha256:85ba8e7356d239cfe56ef7707ac30feaf67964642ac760a82e507ee3c5db4ac4", size = 1642614, upload-time = "2025-10-13T18:56:09.815Z" },
    { url = "https://files.pythonhosted.org/packages/c4/73/f0035a4bc2df8885bb7bd5fe63659686ea1ec7d0cc74b4e3d50e447402e5/cftime-1.6.5-cp312-cp312-musllinux_1_2_x86_64.whl", hash = "sha256:456039af7907a3146689bb80bfd8edabd074c7f3b4eca61f91b9c2670addd7ad", size = 1688090, upload-time = "2025-10-13T18:56:11.442Z" },
    { url = "https://files.pythonhosted.org/packages/88/15/8856a0ab76708553ff597dd2e617b088c734ba87dc3fd395e2b2f3efffe8/cftime-1.6.5-cp312-cp312-win_amd64.whl", hash = "sha256:da84534c43699960dc980a9a765c33433c5de1a719a4916748c2d0e97a071e44", size = 464840, upload-time = "2025-10-13T18:56:12.506Z" },
    { url = "https://files.pythonhosted.org/packages/3a/85/451009a986d9273d2208fc0898aa00262275b5773259bf3f942f6716a9e7/cftime-1.6.5-cp312-cp312-win_arm64.whl", hash = "sha256:c62cd8db9ea40131eea7d4523691c5d806d3265d31279e4a58574a42c28acd77", size = 450534, upload-time = "2026-01-02T21:16:48.784Z" },
    { url = "https://files.pythonhosted.org/packages/2e/60/74ea344b3b003fada346ed98a6899085d6fd4c777df608992d90c458fda6/cftime-1.6.5-cp313-cp313-macosx_10_13_x86_64.whl", hash = "sha256:4aba66fd6497711a47c656f3a732c2d1755ad15f80e323c44a8716ebde39ddd5", size = 502453, upload-time = "2025-10-13T18:56:13.545Z" },
    { url = "https://files.pythonhosted.org/packages/1e/14/adb293ac6127079b49ff11c05cf3d5ce5c1f17d097f326dc02d74ddfcb6e/cftime-1.6.5-cp313-cp313-macosx_11_0_arm64.whl", hash = "sha256:89e7cba699242366e67d6fb5aee579440e791063f92a93853610c91647167c0d", size = 484541, upload-time = "2025-10-13T18:56:14.612Z" },
    { url = "https://files.pythonhosted.org/packages/4f/74/bb8a4566af8d0ef3f045d56c462a9115da4f04b07c7fbbf2b4875223eebd/cftime-1.6.5-cp313-cp313-manylinux2014_aarch64.manylinux_2_17_aarch64.whl", hash = "sha256:2f1eb43d7a7b919ec99aee709fb62ef87ef1cf0679829ef93d37cc1c725781e9", size = 1591014, upload-time = "2025-10-13T19:39:15.346Z" },
    { url = "https://files.pythonhosted.org/packages/ba/08/52f06ff2f04d376f9cd2c211aefcf2b37f1978e43289341f362fc99f6a0e/cftime-1.6.5-cp313-cp313-manylinux2014_x86_64.manylinux_2_17_x86_64.whl", hash = "sha256:e02a1d80ffc33fe469c7db68aa24c4a87f01da0c0c621373e5edadc92964900b", size = 1633625, upload-time = "2025-10-13T18:56:15.745Z" },
    { url = "https://files.pythonhosted.org/packages/cf/33/03e0b23d58ea8fab94ecb4f7c5b721e844a0800c13694876149d98830a73/cftime-1.6.5-cp313-cp313-musllinux_1_2_x86_64.whl", hash = "sha256:18ab754805233cdd889614b2b3b86a642f6d51a57a1ec327c48053f3414f87d8", size = 1684269, upload-time = "2025-10-13T18:56:17.04Z" },
    { url = "https://files.pythonhosted.org/packages/a4/60/a0cfba63847b43599ef1cdbbf682e61894994c22b9a79fd9e1e8c7e9de41/cftime-1.6.5-cp313-cp313-win_amd64.whl", hash = "sha256:6c27add8f907f4a4cd400e89438f2ea33e2eb5072541a157a4d013b7dbe93f9c", size = 465364, upload-time = "2025-10-13T18:56:18.05Z" },
    { url = "https://files.pythonhosted.org/packages/3d/e8/ec32f2aef22c15604e6fda39ff8d581a00b5469349f8fba61640d5358d2c/cftime-1.6.5-cp313-cp313-win_arm64.whl", hash = "sha256:31d1ff8f6bbd4ca209099d24459ec16dea4fb4c9ab740fbb66dd057ccbd9b1b9", size = 450468, upload-time = "2026-01-02T21:16:50.193Z" },
    { url = "https://files.pythonhosted.org/packages/ea/6c/a9618f589688358e279720f5c0fe67ef0077fba07334ce26895403ebc260/cftime-1.6.5-cp314-cp314-macosx_10_15_x86_64.whl", hash = "sha256:c69ce3bdae6a322cbb44e9ebc20770d47748002fb9d68846a1e934f1bd5daf0b", size = 502725, upload-time = "2025-10-13T18:56:19.424Z" },
    { url = "https://files.pythonhosted.org/packages/d8/e3/da3c36398bfb730b96248d006cabaceed87e401ff56edafb2a978293e228/cftime-1.6.5-cp314-cp314-macosx_11_0_arm64.whl", hash = "sha256:e62e9f2943e014c5ef583245bf2e878398af131c97e64f8cd47c1d7baef5c4e2", size = 485445, upload-time = "2025-10-13T18:56:20.853Z" },
    { url = "https://files.pythonhosted.org/packages/32/93/b05939e5abd14bd1ab69538bbe374b4ee2a15467b189ff895e9a8cdaddf6/cftime-1.6.5-cp314-cp314-manylinux2014_aarch64.manylinux_2_17_aarch64.whl", hash = "sha256:7da5fdaa4360d8cb89b71b8ded9314f2246aa34581e8105c94ad58d6102d9e4f", size = 1584434, upload-time = "2025-10-13T19:39:17.084Z" },
    { url = "https://files.pythonhosted.org/packages/7f/89/648397f9936e0b330999c4e776ebf296ec3c6a65f9901687dbca4ab820da/cftime-1.6.5-cp314-cp314-manylinux2014_x86_64.manylinux_2_17_x86_64.whl", hash = "sha256:bff865b4ea4304f2744a1ad2b8149b8328b321dd7a2b9746ef926d229bd7cd49", size = 1609812, upload-time = "2025-10-13T18:56:21.971Z" },
    { url = "https://files.pythonhosted.org/packages/e7/0f/901b4835aa67ad3e915605d4e01d0af80a44b114eefab74ae33de6d36933/cftime-1.6.5-cp314-cp314-musllinux_1_2_x86_64.whl", hash = "sha256:e552c5d1c8a58f25af7521e49237db7ca52ed2953e974fe9f7c4491e95fdd36c", size = 1669768, upload-time = "2025-10-13T18:56:24.027Z" },
    { url = "https://files.pythonhosted.org/packages/22/d5/e605e4b28363e7a9ae98ed12cabbda5b155b6009270e6a231d8f10182a17/cftime-1.6.5-cp314-cp314-win_amd64.whl", hash = "sha256:e645b095dc50a38ac454b7e7f0742f639e7d7f6b108ad329358544a6ff8c9ba2", size = 463818, upload-time = "2025-10-13T18:56:25.376Z" },
    { url = "https://files.pythonhosted.org/packages/3d/89/a8f85ae697ff10206ec401c2621f5ca9f327554f586d62f244739ceeb347/cftime-1.6.5-cp314-cp314-win_arm64.whl", hash = "sha256:b9044d7ac82d3d8af189df1032fdc871bbd3f3dd41a6ec79edceb5029b71e6e0", size = 459862, upload-time = "2026-01-02T20:45:02.625Z" },
    { url = "https://files.pythonhosted.org/packages/ab/05/7410e12fd03a0c52717e74e6a1b49958810807dda212e23b65d43ea99676/cftime-1.6.5-cp314-cp314t-macosx_10_15_x86_64.whl", hash = "sha256:9ef56460cb0576e1a9161e1428c9e1a633f809a23fa9d598f313748c1ae5064e", size = 533781, upload-time = "2026-01-02T20:45:04.818Z" },
    { url = "https://files.pythonhosted.org/packages/44/ba/10e3546426d3ed9f9cc82e4a99836bb6fac1642c7830f7bdd0ac1c3f0805/cftime-1.6.5-cp314-cp314t-macosx_11_0_arm64.whl", hash = "sha256:4f4873d38b10032f9f3111c547a1d485519ae64eee6a7a2d091f1f8b08e1ba50", size = 515218, upload-time = "2026-01-02T20:45:06.788Z" },
    { url = "https://files.pythonhosted.org/packages/bd/68/efa11eae867749e921bfec6a865afdba8166e96188112dde70bb8bb49254/cftime-1.6.5-cp314-cp314t-manylinux2014_aarch64.manylinux_2_17_aarch64.whl", hash = "sha256:ccce0f4c9d3f38dd948a117e578b50d0e0db11e2ca9435fb358fd524813e4b61", size = 1579932, upload-time = "2026-01-02T20:45:11.194Z" },
    { url = "https://files.pythonhosted.org/packages/9d/6c/0971e602c1390a423e6621dfbad9f1d375186bdaf9c9c7f75e06f1fbf355/cftime-1.6.5-cp314-cp314t-manylinux2014_x86_64.manylinux_2_17_x86_64.whl", hash = "sha256:19cbfc5152fb0b34ce03acf9668229af388d7baa63a78f936239cb011ccbe6b1", size = 1555894, upload-time = "2026-01-02T20:45:16.351Z" },
    { url = "https://files.pythonhosted.org/packages/ad/fc/8475a15b7c3209a4a68b563dfc5e01ce74f2d8b9822372c3d30c68ab7f39/cftime-1.6.5-cp314-cp314t-win_amd64.whl", hash = "sha256:4470cd5ef3c2514566f53efbcbb64dd924fa0584637d90285b2f983bd4ee7d97", size = 513027, upload-time = "2026-01-02T20:45:20.023Z" },
    { url = "https://files.pythonhosted.org/packages/f7/80/4ecbda8318fbf40ad4e005a4a93aebba69e81382e5b4c6086251cd5d0ee8/cftime-1.6.5-cp314-cp314t-win_arm64.whl", hash = "sha256:034c15a67144a0a5590ef150c99f844897618b148b87131ed34fda7072614662", size = 469065, upload-time = "2026-01-02T20:45:23.398Z" },
]

[[package]]
name = "colorama"
version = "0.4.6"
source = { registry = "https://pypi.org/simple" }
sdist = { url = "https://files.pythonhosted.org/packages/d8/53/6f443c9a4a8358a93a6792e2acffb9d9d5cb0a5cfd8802644b7b1c9a02e4/colorama-0.4.6.tar.gz", hash = "sha256:08695f5cb7ed6e0531a20572697297273c47b8cae5a63ffc6d6ed5c201be6e44", size = 27697, upload-time = "2022-10-25T02:36:22.414Z" }
wheels = [
    { url = "https://files.pythonhosted.org/packages/d1/d6/3965ed04c63042e047cb6a3e6ed1a63a35087b6a609aa3a15ed8ac56c221/colorama-0.4.6-py2.py3-none-any.whl", hash = "sha256:4f1d9991f5acc0ca119f9d443620b77f9d6b33703e51011c16baf57afb285fc6", size = 25335, upload-time = "2022-10-25T02:36:20.889Z" },
]

[[package]]
name = "hdfkit"
source = { editable = "." }
dependencies = [
    { name = "netcdf4" },
    { name = "numpy" },
    { name = "pyhdf" },
]

[package.dev-dependencies]
dev = [
    { name = "pytest" },
]

[package.metadata]
requires-dist = [
    { name = "netcdf4", specifier = ">=1.6.5" },
    { name = "numpy", specifier = ">=1.23.0" },
    { name = "pyhdf", specifier = ">=0.10.5" },
]

[package.metadata.requires-dev]
dev = [{ name = "pytest", specifier = ">=9.0.2" }]

[[package]]
name = "iniconfig"
version = "2.3.0"
source = { registry = "https://pypi.org/simple" }
sdist = { url = "https://files.pythonhosted.org/packages/72/34/14ca021ce8e5dfedc35312d08ba8bf51fdd999c576889fc2c24cb97f4f10/iniconfig-2.3.0.tar.gz", hash = "sha256:c76315c77db068650d49c5b56314774a7804df16fee4402c1f19d6d15d8c4730", size = 20503, upload-time = "2025-10-18T21:55:43.219Z" }
wheels = [
    { url = "https://files.pythonhosted.org/packages/cb/b1/3846dd7f199d53cb17f49cba7e651e9ce294d8497c8c150530ed11865bb8/iniconfig-2.3.0-py3-none-any.whl", hash = "sha256:f631c04d2c48c52b84d0d0549c99ff3859c98df65b3101406327ecc7d53fbf12", size = 7484, upload-time = "2025-10-18T21:55:41.639Z" },
]

[[package]]
name = "netcdf4"
version = "1.7.4"
source = { registry = "https://pypi.org/simple" }
dependencies = [
    { name = "certifi" },
    { name = "cftime" },
    { name = "numpy" },
]
sdist = { url = "https://files.pythonhosted.org/packages/34/b6/0370bb3af66a12098da06dc5843f3b349b7c83ccbdf7306e7afa6248b533/netcdf4-1.7.4.tar.gz", hash = "sha256:cdbfdc92d6f4d7192ca8506c9b3d4c1d9892969ff28d8e8e1fc97ca08bf12164", size = 838352, upload-time = "2026-01-05T02:27:38.593Z" }
wheels = [
    { url = "https://files.pythonhosted.org/packages/38/de/38ed7e1956943d28e8ea74161e97c3a00fb98d6d08943b4fd21bae32c240/netcdf4-1.7.4-cp311-abi3-macosx_13_0_x86_64.whl", hash = "sha256:dec70e809cc65b04ebe95113ee9c85ba46a51c3a37c058d2b2b0cadc4d3052d8", size = 23427499, upload-time = "2026-01-05T02:27:06.568Z" },
    { url = "https://files.pythonhosted.org/packages/e5/70/2f73c133b71709c412bc81d8b721e28dc6237ba9d7dad861b7bfbb70408a/netcdf4-1.7.4-cp311-abi3-macosx_14_0_arm64.whl", hash = "sha256:75cf59100f0775bc4d6b9d4aca7cbabd12e2b8cf3b9a4fb16d810b92743a315a", size = 22847667, upload-time = "2026-01-05T02:27:09.421Z" },
    { url = "https://files.pythonhosted.org/packages/77/ce/43a3c0c41a6e2e940d87feea79d29aa88302211ac122604838f8a5a48de6/netcdf4-1.7.4-cp311-abi3-manylinux_2_27_aarch64.manylinux_2_28_aarch64.whl", hash = "sha256:ddfc7e9d261125c74708119440c85ea288b5fee41db676d2ba1ce9be11f96932", size = 10274769, upload-time = "2026-01-05T21:31:19.243Z" },
    { url = "https://files.pythonhosted.org/packages/7b/7a/a8d32501bb95ecff342004a674720164f95ad616f269450b3bc13dc88ae3/netcdf4-1.7.4-cp311-abi3-manylinux_2_27_x86_64.manylinux_2_28_x86_64.whl", hash = "sha256:a72c9f58767779ec14cb7451c3b56bdd8fdc027a792fac2062b14e090c5617f3", size = 10123122, upload-time = "2026-01-05T21:31:22.773Z" },
    { url = "https://files.pythonhosted.org/packages/18/68/e89b4fa9242e59326c849c39ce0f49eb68499603c639405a8449900a4f15/netcdf4-1.7.4-cp311-abi3-win_amd64.whl", hash = "sha256:9476e1f23161ae5159cd1548c50c8a37922e77d76583e247133f256ef7b825fc", size = 21299637, upload-time = "2026-01-05T02:27:11.856Z" },
    { url = "https://files.pythonhosted.org/packages/6c/fc/edd41a3607241027aa4533e7f18e0cd647e74dde10a63274c65350f59967/netcdf4-1.7.4-cp311-abi3-win_arm64.whl", hash = "sha256:876ad9d58f09c98741c066c726164c45a098a58fb90e5fac9e74de4bb8a793fd", size = 2386377, upload-time = "2026-01-05T02:27:13.808Z" },
    { url = "https://files.pythonhosted.org/packages/f1/3e/1e83534ba68459bc5ae39df46fa71003984df58aabf31f7dcd6e22ecddb0/netcdf4-1.7.4-cp311-cp311-manylinux_2_27_aarch64.manylinux_2_28_aarch64.whl", hash = "sha256:56688c03444fffe0d0c7512cb45245e650389cd841c955b30e4552fa681c4cd9", size = 10519821, upload-time = "2026-01-05T02:27:15.413Z" },
    { url = "https://files.pythonhosted.org/packages/c0/8c/a15d6fe97f81d6d5202b17838a9a298b5955b3e9971e20609195112829b5/netcdf4-1.7.4-cp311-cp311-manylinux_2_27_x86_64.manylinux_2_28_x86_64.whl", hash = "sha256:7ecf471ba8a6ddb2200121949bedfa0095db228822f38227d5da680694a38358", size = 10371133, upload-time = "2026-01-05T02:27:17.224Z" },
    { url = "https://files.pythonhosted.org/packages/d8/2b/684b15dd4791f8be295b2f6fa97377bbc07a768478a63b7d3c4951712e36/netcdf4-1.7.4-cp314-cp314-manylinux_2_27_aarch64.manylinux_2_28_aarch64.whl", hash = "sha256:a5841de0735e8e4875b367c668e81d334287858d64dd9f3e3e2261e808c84922", size = 10395635, upload-time = "2026-01-05T02:27:19.655Z" },
    { url = "https://files.pythonhosted.org/packages/37/dc/44d21524cf1b1c64254f92e22395a7a10f70c18f3a13a18ac9db258760f7/netcdf4-1.7.4-cp314-cp314-manylinux_2_27_x86_64.manylinux_2_28_x86_64.whl", hash = "sha256:86fac03a8c5b250d57866e7d98918a64742e4b0de1681c5c86bac5726bab8aee", size = 10237725, upload-time = "2026-01-05T02:27:22.298Z" },
    { url = "https://files.pythonhosted.org/packages/d4/9d/c3ddf54296ad8f18f02f77f23452bdb0971aece1b87e84bab9d734bf72cc/netcdf4-1.7.4-cp314-cp314t-macosx_13_0_x86_64.whl", hash = "sha256:ad083d260301b5add74b1669c75ab0df03bdf986decfcc092cb45eec2615b5f1", size = 23515258, upload-time = "2026-01-05T02:27:24.837Z" },
    { url = "https://files.pythonhosted.org/packages/dd/44/bc0346e995d436d03fab682b7fbd2a9adcf0db6a05790b8f24853bf08170/netcdf4-1.7.4-cp314-cp314t-macosx_14_0_arm64.whl", hash = "sha256:7f22014092cc9da3f056b0368e2e38c42afd5725c87ad4843eb2f467e16dd4f6", size = 22910171, upload-time = "2026-01-05T02:27:27.166Z" },
    { url = "https://files.pythonhosted.org/packages/30/6b/f9bc3f43c55e2dac72ee9f98d77860789bdd5d50c29adf164a6bdb303078/netcdf4-1.7.4-cp314-cp314t-manylinux_2_27_aarch64.manylinux_2_28_aarch64.whl", hash = "sha256:224a15434c165a5e0225e5831f591edf62533044b1ce62fdfee815195bbd077d", size = 10567579, upload-time = "2026-01-05T02:27:29.382Z" },
    { url = "https://files.pythonhosted.org/packages/6d/d5/e7685c66b7f011c73cd746127f986358a26c642a4e4a1aa5ab51481b6586/netcdf4-1.7.4-cp314-cp314t-manylinux_2_27_x86_64.manylinux_2_28_x86_64.whl", hash = "sha256:31a2318305de6831a18df25ad0df9f03b6d68666af0356d4f6057d66c02ffeb6", size = 10255032, upload-time = "2026-01-05T02:27:31.744Z" },
    { url = "https://files.pythonhosted.org/packages/a6/14/7506738bb6c8bc373b01e5af8f3b727f83f4f496c6b108490ea2609dc2cf/netcdf4-1.7.4-cp314-cp314t-win_amd64.whl", hash = "sha256:6c4a0aa9446c3a616ef3be015b629dc6173643f8b09546de26a4e40e272cd1ed", size = 22289653, upload-time = "2026-01-05T02:27:34.294Z" },
    { url = "https://files.pythonhosted.org/packages/af/2e/39d5e9179c543f2e6e149a65908f83afd9b6d64379a90789b323111761db/netcdf4-1.7.4-cp314-cp314t-win_arm64.whl", hash = "sha256:034220887d48da032cb2db5958f69759dbb04eb33e279ec6390571d4aea734fe", size = 2531682, upload-time = "2026-01-05T02:27:37.062Z" },
]

[[package]]
name = "numpy"
version = "2.4.4"
source = { registry = "https://pypi.org/simple" }
sdist = { url = "https://files.pythonhosted.org/packages/d7/9f/b8cef5bffa569759033adda9481211426f12f53299629b410340795c2514/numpy-2.4.4.tar.gz", hash = "sha256:2d390634c5182175533585cc89f3608a4682ccb173cc9bb940b2881c8d6f8fa0", size = 20731587, upload-time = "2026-03-29T13:22:01.298Z" }
wheels = [
    { url = "https://files.pythonhosted.org/packages/ef/c6/4218570d8c8ecc9704b5157a3348e486e84ef4be0ed3e38218ab473c83d2/numpy-2.4.4-cp311-cp311-macosx_10_9_x86_64.whl", hash = "sha256:f983334aea213c99992053ede6168500e5f086ce74fbc4acc3f2b00f5762e9db", size = 16976799, upload-time = "2026-03-29T13:18:15.438Z" },
    { url = "https://files.pythonhosted.org/packages/dd/92/b4d922c4a5f5dab9ed44e6153908a5c665b71acf183a83b93b690996e39b/numpy-2.4.4-cp311-cp311-macosx_11_0_arm64.whl", hash = "sha256:72944b19f2324114e9dc86a159787333b77874143efcf89a5167ef83cfee8af0", size = 14971552, upload-time = "2026-03-29T13:18:18.606Z" },
    { url = "https://files.pythonhosted.org/packages/8a/dc/df98c095978fa6ee7b9a9387d1d58cbb3d232d0e69ad169a4ce784bde4fd/numpy-2.4.4-cp311-cp311-macosx_14_0_arm64.whl", hash = "sha256:86b6f55f5a352b48d7fbfd2dbc3d5b780b2d79f4d3c121f33eb6efb22e9a2015", size = 5476566, upload-time = "2026-03-29T13:18:21.532Z" },
    { url = "https://files.pythonhosted.org/packages/28/34/b3fdcec6e725409223dd27356bdf5a3c2cc2282e428218ecc9cb7acc9763/numpy-2.4.4-cp311-cp311-macosx_14_0_x86_64.whl", hash = "sha256:ba1f4fc670ed79f876f70082eff4f9583c15fb9a4b89d6188412de4d18ae2f40", size = 6806482, upload-time = "2026-03-29T13:18:23.634Z" },
    { url = "https://files.pythonhosted.org/packages/68/62/63417c13aa35d57bee1337c67446761dc25ea6543130cf868eace6e8157b/numpy-2.4.4-cp311-cp311-manylinux_2_27_aarch64.manylinux_2_28_aarch64.whl", hash = "sha256:8a87ec22c87be071b6bdbd27920b129b94f2fc964358ce38f3822635a3e2e03d", size = 15973376, upload-time = "2026-03-29T13:18:26.677Z" },
    { url = "https://files.pythonhosted.org/packages/cf/c5/9fcb7e0e69cef59cf10c746b84f7d58b08bc66a6b7d459783c5a4f6101a6/numpy-2.4.4-cp311-cp311-manylinux_2_27_x86_64.manylinux_2_28_x86_64.whl", hash = "sha256:df3775294accfdd75f32c74ae39fcba920c9a378a2fc18a12b6820aa8c1fb502", size = 16925137, upload-time = "2026-03-29T13:18:30.14Z" },
    { url = "https://files.pythonhosted.org/packages/7e/43/80020edacb3f84b9efdd1591120a4296462c23fd8db0dde1666f6ef66f13/numpy-2.4.4-cp311-cp311-musllinux_1_2_aarch64.whl", hash = "sha256:0d4e437e295f18ec29bc79daf55e8a47a9113df44d66f702f02a293d93a2d6dd", size = 17329414, upload-time = "2026-03-29T13:18:33.733Z" },
    { url = "https://files.pythonhosted.org/packages/fd/06/af0658593b18a5f73532d377188b964f239eb0894e664a6c12f484472f97/numpy-2.4.4-cp311-cp311-musllinux_1_2_x86_64.whl", hash = "sha256:6aa3236c78803afbcb255045fbef97a9e25a1f6c9888357d205ddc42f4d6eba5", size = 18658397, upload-time = "2026-03-29T13:18:37.511Z" },
    { url = "https://files.pythonhosted.org/packages/e6/ce/13a09ed65f5d0ce5c7dd0669250374c6e379910f97af2c08c57b0608eee4/numpy-2.4.4-cp311-cp311-win32.whl", hash = "sha256:30caa73029a225b2d40d9fae193e008e24b2026b7ee1a867b7ee8d96ca1a448e", size = 6239499, upload-time = "2026-03-29T13:18:40.372Z" },
    { url = "https://files.pythonhosted.org/packages/bd/63/05d193dbb4b5eec1eca73822d80da98b511f8328ad4ae3ca4caf0f4db91d/numpy-2.4.4-cp311-cp311-win_amd64.whl", hash = "sha256:6bbe4eb67390b0a0265a2c25458f6b90a409d5d069f1041e6aff1e27e3d9a79e", size = 12614257, upload-time = "2026-03-29T13:18:42.95Z" },
    { url = "https://files.pythonhosted.org/packages/87/c5/8168052f080c26fa984c413305012be54741c9d0d74abd7fbeeccae3889f/numpy-2.4.4-cp311-cp311-win_arm64.whl", hash = "sha256:fcfe2045fd2e8f3cb0ce9d4ba6dba6333b8fa05bb8a4939c908cd43322d14c7e", size = 10486775, upload-time = "2026-03-29T13:18:45.835Z" },
    { url = "https://files.pythonhosted.org/packages/28/05/32396bec30fb2263770ee910142f49c1476d08e8ad41abf8403806b520ce/numpy-2.4.4-cp312-cp312-macosx_10_13_x86_64.whl", hash = "sha256:15716cfef24d3a9762e3acdf87e27f58dc823d1348f765bbea6bef8c639bfa1b", size = 16689272, upload-time = "2026-03-29T13:18:49.223Z" },
    { url = "https://files.pythonhosted.org/packages/c5/f3/a983d28637bfcd763a9c7aafdb6d5c0ebf3d487d1e1459ffdb57e2f01117/numpy-2.4.4-cp312-cp312-macosx_11_0_arm64.whl", hash = "sha256:23cbfd4c17357c81021f21540da84ee282b9c8fba38a03b7b9d09ba6b951421e", size = 14699573, upload-time = "2026-03-29T13:18:52.629Z" },
    { url = "https://files.pythonhosted.org/packages/9b/fd/e5ecca1e78c05106d98028114f5c00d3eddb41207686b2b7de3e477b0e22/numpy-2.4.4-cp312-cp312-macosx_14_0_arm64.whl", hash = "sha256:8b3b60bb7cba2c8c81837661c488637eee696f59a877788a396d33150c35d842", size = 5204782, upload-time = "2026-03-29T13:18:55.579Z" },
    { url = "https://files.pythonhosted.org/packages/de/2f/702a4594413c1a8632092beae8aba00f1d67947389369b3777aed783fdca/numpy-2.4.4-cp312-cp312-macosx_14_0_x86_64.whl", hash = "sha256:e4a010c27ff6f210ff4c6ef34394cd61470d01014439b192ec22552ee867f2a8", size = 6552038, upload-time = "2026-03-29T13:18:57.769Z" },
    { url = "https://files.pythonhosted.org/packages/7f/37/eed308a8f56cba4d1fdf467a4fc67ef4ff4bf1c888f5fc980481890104b1/numpy-2.4.4-cp312-cp312-manylinux_2_27_aarch64.manylinux_2_28_aarch64.whl", hash = "sha256:f9e75681b59ddaa5e659898085ae0eaea229d054f2ac0c7e563a62205a700121", size = 15670666, upload-time = "2026-03-29T13:19:00.341Z" },
    { url = "https://files.pythonhosted.org/packages/0a/0d/0e3ecece05b7a7e87ab9fb587855548da437a061326fff64a223b6dcb78a/numpy-2.4.4-cp312-cp312-manylinux_2_27_x86_64.manylinux_2_28_x86_64.whl", hash = "sha256:81f4a14bee47aec54f883e0cad2d73986640c1590eb9bfaaba7ad17394481e6e", size = 16645480, upload-time = "2026-03-29T13:19:03.63Z" },
    { url = "https://files.pythonhosted.org/packages/34/49/f2312c154b82a286758ee2f1743336d50651f8b5195db18cdb63675ff649/numpy-2.4.4-cp312-cp312-musllinux_1_2_aarch64.whl", hash = "sha256:62d6b0f03b694173f9fcb1fb317f7222fd0b0b103e784c6549f5e53a27718c44", size = 17020036, upload-time = "2026-03-29T13:19:07.428Z" },
    { url = "https://files.pythonhosted.org/packages/7b/e9/736d17bd77f1b0ec4f9901aaec129c00d59f5d84d5e79bba540ef12c2330/numpy-2.4.4-cp312-cp312-musllinux_1_2_x86_64.whl", hash = "sha256:fbc356aae7adf9e6336d336b9c8111d390a05df88f1805573ebb0807bd06fd1d", size = 18368643, upload-time = "2026-03-29T13:19:10.775Z" },
    { url = "https://files.pythonhosted.org/packages/63/f6/d417977c5f519b17c8a5c3bc9e8304b0908b0e21136fe43bf628a1343914/numpy-2.4.4-cp312-cp312-win32.whl", hash = "sha256:0d35aea54ad1d420c812bfa0385c71cd7cc5bcf7c65fed95fc2cd02fe8c79827", size = 5961117, upload-time = "2026-03-29T13:19:13.464Z" },
    { url = "https://files.pythonhosted.org/packages/2d/5b/e1deebf88ff431b01b7406ca3583ab2bbb90972bbe1c568732e49c844f7e/numpy-2.4.4-cp312-cp312-win_amd64.whl", hash = "sha256:b5f0362dc928a6ecd9db58868fca5e48485205e3855957bdedea308f8672ea4a", size = 12320584, upload-time = "2026-03-29T13:19:16.155Z" },
    { url = "https://files.pythonhosted.org/packages/58/89/e4e856ac82a68c3ed64486a544977d0e7bdd18b8da75b78a577ca31c4395/numpy-2.4.4-cp312-cp312-win_arm64.whl", hash = "sha256:846300f379b5b12cc769334464656bc882e0735d27d9726568bc932fdc49d5ec", size = 10221450, upload-time = "2026-03-29T13:19:18.994Z" },
    { url = "https://files.pythonhosted.org/packages/14/1d/d0a583ce4fefcc3308806a749a536c201ed6b5ad6e1322e227ee4848979d/numpy-2.4.4-cp313-cp313-macosx_10_13_x86_64.whl", hash = "sha256:08f2e31ed5e6f04b118e49821397f12767934cfdd12a1ce86a058f91e004ee50", size = 16684933, upload-time = "2026-03-29T13:19:22.47Z" },
    { url = "https://files.pythonhosted.org/packages/c1/62/2b7a48fbb745d344742c0277f01286dead15f3f68e4f359fbfcf7b48f70f/numpy-2.4.4-cp313-cp313-macosx_11_0_arm64.whl", hash = "sha256:e823b8b6edc81e747526f70f71a9c0a07ac4e7ad13020aa736bb7c9d67196115", size = 14694532, upload-time = "2026-03-29T13:19:25.581Z" },
    { url = "https://files.pythonhosted.org/packages/e5/87/499737bfba066b4a3bebff24a8f1c5b2dee410b209bc6668c9be692580f0/numpy-2.4.4-cp313-cp313-macosx_14_0_arm64.whl", hash = "sha256:4a19d9dba1a76618dd86b164d608566f393f8ec6ac7c44f0cc879011c45e65af", size = 5199661, upload-time = "2026-03-29T13:19:28.31Z" },
    { url = "https://files.pythonhosted.org/packages/cd/da/464d551604320d1491bc345efed99b4b7034143a85787aab78d5691d5a0e/numpy-2.4.4-cp313-cp313-macosx_14_0_x86_64.whl", hash = "sha256:d2a8490669bfe99a233298348acc2d824d496dee0e66e31b66a6022c2ad74a5c", size = 6547539, upload-time = "2026-03-29T13:19:30.97Z" },
    { url = "https://files.pythonhosted.org/packages/7d/90/8d23e3b0dafd024bf31bdec225b3bb5c2dbfa6912f8a53b8659f21216cbf/numpy-2.4.4-cp313-cp313-manylinux_2_27_aarch64.manylinux_2_28_aarch64.whl", hash = "sha256:45dbed2ab436a9e826e302fcdcbe9133f9b0006e5af7168afb8963a6520da103", size = 15668806, upload-time = "2026-03-29T13:19:33.887Z" },
    { url = "https://files.pythonhosted.org/packages/d1/73/a9d864e42a01896bb5974475438f16086be9ba1f0d19d0bb7a07427c4a8b/numpy-2.4.4-cp313-cp313-manylinux_2_27_x86_64.manylinux_2_28_x86_64.whl", hash = "sha256:c901b15172510173f5cb310eae652908340f8dede90fff9e3bf6c0d8dfd92f83", size = 16632682, upload-time = "2026-03-29T13:19:37.336Z" },
    { url = "https://files.pythonhosted.org/packages/34/fb/14570d65c3bde4e202a031210475ae9cde9b7686a2e7dc97ee67d2833b35/numpy-2.4.4-cp313-cp313-musllinux_1_2_aarch64.whl", hash = "sha256:99d838547ace2c4aace6c4f76e879ddfe02bb58a80c1549928477862b7a6d6ed", size = 17019810, upload-time = "2026-03-29T13:19:40.963Z" },
    { url = "https://files.pythonhosted.org/packages/8a/77/2ba9d87081fd41f6d640c83f26fb7351e536b7ce6dd9061b6af5904e8e46/numpy-2.4.4-cp313-cp313-musllinux_1_2_x86_64.whl", hash = "sha256:0aec54fd785890ecca25a6003fd9a5aed47ad607bbac5cd64f836ad8666f4959", size = 18357394, upload-time = "2026-03-29T13:19:44.859Z" },
    { url = "https://files.pythonhosted.org/packages/a2/23/52666c9a41708b0853fa3b1a12c90da38c507a3074883823126d4e9d5b30/numpy-2.4.4-cp313-cp313-win32.whl", hash = "sha256:07077278157d02f65c43b1b26a3886bce886f95d20aabd11f87932750dfb14ed", size = 5959556, upload-time = "2026-03-29T13:19:47.661Z" },
    { url = "https://files.pythonhosted.org/packages/57/fb/48649b4971cde70d817cf97a2a2fdc0b4d8308569f1dd2f2611959d2e0cf/numpy-2.4.4-cp313-cp313-win_amd64.whl", hash = "sha256:5c70f1cc1c4efbe316a572e2d8b9b9cc44e89b95f79ca3331553fbb63716e2bf", size = 12317311, upload-time = "2026-03-29T13:19:50.67Z" },
    { url = "https://files.pythonhosted.org/packages/ba/d8/11490cddd564eb4de97b4579ef6bfe6a736cc07e94c1598590ae25415e01/numpy-2.4.4-cp313-cp313-win_arm64.whl", hash = "sha256:ef4059d6e5152fa1a39f888e344c73fdc926e1b2dd58c771d67b0acfbf2aa67d", size = 10222060, upload-time = "2026-03-29T13:19:54.229Z" },
    { url = "https://files.pythonhosted.org/packages/99/5d/dab4339177a905aad3e2221c915b35202f1ec30d750dd2e5e9d9a72b804b/numpy-2.4.4-cp313-cp313t-macosx_11_0_arm64.whl", hash = "sha256:4bbc7f303d125971f60ec0aaad5e12c62d0d2c925f0ab1273debd0e4ba37aba5", size = 14822302, upload-time = "2026-03-29T13:19:57.585Z" },
    { url = "https://files.pythonhosted.org/packages/eb/e4/0564a65e7d3d97562ed6f9b0fd0fb0a6f559ee444092f105938b50043876/numpy-2.4.4-cp313-cp313t-macosx_14_0_arm64.whl", hash = "sha256:4d6d57903571f86180eb98f8f0c839fa9ebbfb031356d87f1361be91e433f5b7", size = 5327407, upload-time = "2026-03-29T13:20:00.601Z" },
    { url = "https://files.pythonhosted.org/packages/29/8d/35a3a6ce5ad371afa58b4700f1c820f8f279948cca32524e0a695b0ded83/numpy-2.4.4-cp313-cp313t-macosx_14_0_x86_64.whl", hash = "sha256:4636de7fd195197b7535f231b5de9e4b36d2c440b6e566d2e4e4746e6af0ca93", size = 6647631, upload-time = "2026-03-29T13:20:02.855Z" },
    { url = "https://files.pythonhosted.org/packages/f4/da/477731acbd5a58a946c736edfdabb2ac5b34c3d08d1ba1a7b437fa0884df/numpy-2.4.4-cp313-cp313t-manylinux_2_27_aarch64.manylinux_2_28_aarch64.whl", hash = "sha256:ad2e2ef14e0b04e544ea2fa0a36463f847f113d314aa02e5b402fdf910ef309e", size = 15727691, upload-time = "2026-03-29T13:20:06.004Z" },
    { url = "https://files.pythonhosted.org/packages/e6/db/338535d9b152beabeb511579598418ba0212ce77cf9718edd70262cc4370/numpy-2.4.4-cp313-cp313t-manylinux_2_27_x86_64.manylinux_2_28_x86_64.whl", hash = "sha256:5a285b3b96f951841799528cd1f4f01cd70e7e0204b4abebac9463eecfcf2a40", size = 16681241, upload-time = "2026-03-29T13:20:09.417Z" },
    { url = "https://files.pythonhosted.org/packages/e2/a9/ad248e8f58beb7a0219b413c9c7d8151c5d285f7f946c3e26695bdbbe2df/numpy-2.4.4-cp313-cp313t-musllinux_1_2_aarch64.whl", hash = "sha256:f8474c4241bc18b750be2abea9d7a9ec84f46ef861dbacf86a4f6e043401f79e", size = 17085767, upload-time = "2026-03-29T13:20:13.126Z" },
    { url = "https://files.pythonhosted.org/packages/b5/1a/3b88ccd3694681356f70da841630e4725a7264d6a885c8d442a697e1146b/numpy-2.4.4-cp313-cp313t-musllinux_1_2_x86_64.whl", hash = "sha256:4e874c976154687c1f71715b034739b45c7711bec81db01914770373d125e392", size = 18403169, upload-time = "2026-03-29T13:20:17.096Z" },
    { url = "https://files.pythonhosted.org/packages/c2/c9/fcfd5d0639222c6eac7f304829b04892ef51c96a75d479214d77e3ce6e33/numpy-2.4.4-cp313-cp313t-win32.whl", hash = "sha256:9c585a1790d5436a5374bac930dad6ed244c046ed91b2b2a3634eb2971d21008", size = 6083477, upload-time = "2026-03-29T13:20:20.195Z" },
    { url = "https://files.pythonhosted.org/packages/d5/e3/3938a61d1c538aaec8ed6fd6323f57b0c2d2d2219512434c5c878db76553/numpy-2.4.4-cp313-cp313t-win_amd64.whl", hash = "sha256:93e15038125dc1e5345d9b5b68aa7f996ec33b98118d18c6ca0d0b7d6198b7e8", size = 12457487, upload-time = "2026-03-29T13:20:22.946Z" },
    { url = "https://files.pythonhosted.org/packages/97/6a/7e345032cc60501721ef94e0e30b60f6b0bd601f9174ebd36389a2b86d40/numpy-2.4.4-cp313-cp313t-win_arm64.whl", hash = "sha256:0dfd3f9d3adbe2920b68b5cd3d51444e13a10792ec7154cd0a2f6e74d4ab3233", size = 10292002, upload-time = "2026-03-29T13:20:25.909Z" },
    { url = "https://files.pythonhosted.org/packages/6e/06/c54062f85f673dd5c04cbe2f14c3acb8c8b95e3384869bb8cc9bff8cb9df/numpy-2.4.4-cp314-cp314-macosx_10_15_x86_64.whl", hash = "sha256:f169b9a863d34f5d11b8698ead99febeaa17a13ca044961aa8e2662a6c7766a0", size = 16684353, upload-time = "2026-03-29T13:20:29.504Z" },
    { url = "https://files.pythonhosted.org/packages/4c/39/8a320264a84404c74cc7e79715de85d6130fa07a0898f67fb5cd5bd79908/numpy-2.4.4-cp314-cp314-macosx_11_0_arm64.whl", hash = "sha256:2483e4584a1cb3092da4470b38866634bafb223cbcd551ee047633fd2584599a", size = 14704914, upload-time = "2026-03-29T13:20:33.547Z" },
    { url = "https://files.pythonhosted.org/packages/91/fb/287076b2614e1d1044235f50f03748f31fa287e3dbe6abeb35cdfa351eca/numpy-2.4.4-cp314-cp314-macosx_14_0_arm64.whl", hash = "sha256:2d19e6e2095506d1736b7d80595e0f252d76b89f5e715c35e06e937679ea7d7a", size = 5210005, upload-time = "2026-03-29T13:20:36.45Z" },
    { url = "https://files.pythonhosted.org/packages/63/eb/fcc338595309910de6ecabfcef2419a9ce24399680bfb149421fa2df1280/numpy-2.4.4-cp314-cp314-macosx_14_0_x86_64.whl", hash = "sha256:6a246d5914aa1c820c9443ddcee9c02bec3e203b0c080349533fae17727dfd1b", size = 6544974, upload-time = "2026-03-29T13:20:39.014Z" },
    { url = "https://files.pythonhosted.org/packages/44/5d/e7e9044032a716cdfaa3fba27a8e874bf1c5f1912a1ddd4ed071bf8a14a6/numpy-2.4.4-cp314-cp314-manylinux_2_27_aarch64.manylinux_2_28_aarch64.whl", hash = "sha256:989824e9faf85f96ec9c7761cd8d29c531ad857bfa1daa930cba85baaecf1a9a", size = 15684591, upload-time = "2026-03-29T13:20:42.146Z" },
    { url = "https://files.pythonhosted.org/packages/98/7c/21252050676612625449b4807d6b695b9ce8a7c9e1c197ee6216c8a65c7c/numpy-2.4.4-cp314-cp314-manylinux_2_27_x86_64.manylinux_2_28_x86_64.whl", hash = "sha256:27a8d92cd10f1382a67d7cf4db7ce18341b66438bdd9f691d7b0e48d104c2a9d", size = 16637700, upload-time = "2026-03-29T13:20:46.204Z" },
    { url = "https://files.pythonhosted.org/packages/b1/29/56d2bbef9465db24ef25393383d761a1af4f446a1df9b8cded4fe3a5a5d7/numpy-2.4.4-cp314-cp314-musllinux_1_2_aarch64.whl", hash = "sha256:e44319a2953c738205bf3354537979eaa3998ed673395b964c1176083dd46252", size = 17035781, upload-time = "2026-03-29T13:20:50.242Z" },
    { url = "https://files.pythonhosted.org/packages/e3/2b/a35a6d7589d21f44cea7d0a98de5ddcbb3d421b2622a5c96b1edf18707c3/numpy-2.4.4-cp314-cp314-musllinux_1_2_x86_64.whl", hash = "sha256:e892aff75639bbef0d2a2cfd55535510df26ff92f63c92cd84ef8d4ba5a5557f", size = 18362959, upload-time = "2026-03-29T13:20:54.019Z" },
    { url = "https://files.pythonhosted.org/packages/64/c9/d52ec581f2390e0f5f85cbfd80fb83d965fc15e9f0e1aec2195faa142cde/numpy-2.4.4-cp314-cp314-win32.whl", hash = "sha256:1378871da56ca8943c2ba674530924bb8ca40cd228358a3b5f302ad60cf875fc", size = 6008768, upload-time = "2026-03-29T13:20:56.912Z" },
    { url = "https://files.pythonhosted.org/packages/fa/22/4cc31a62a6c7b74a8730e31a4274c5dc80e005751e277a2ce38e675e4923/numpy-2.4.4-cp314-cp314-win_amd64.whl", hash = "sha256:715d1c092715954784bc79e1174fc2a90093dc4dc84ea15eb14dad8abdcdeb74", size = 12449181, upload-time = "2026-03-29T13:20:59.548Z" },
    { url = "https://files.pythonhosted.org/packages/70/2e/14cda6f4d8e396c612d1bf97f22958e92148801d7e4f110cabebdc0eef4b/numpy-2.4.4-cp314-cp314-win_arm64.whl", hash = "sha256:2c194dd721e54ecad9ad387c1d35e63dce5c4450c6dc7dd5611283dda239aabb", size = 10496035, upload-time = "2026-03-29T13:21:02.524Z" },
    { url = "https://files.pythonhosted.org/packages/b1/e8/8fed8c8d848d7ecea092dc3469643f9d10bc3a134a815a3b033da1d2039b/numpy-2.4.4-cp314-cp314t-macosx_11_0_arm64.whl", hash = "sha256:2aa0613a5177c264ff5921051a5719d20095ea586ca88cc802c5c218d1c67d3e", size = 14824958, upload-time = "2026-03-29T13:21:05.671Z" },
    { url = "https://files.pythonhosted.org/packages/05/1a/d8007a5138c179c2bf33ef44503e83d70434d2642877ee8fbb230e7c0548/numpy-2.4.4-cp314-cp314t-macosx_14_0_arm64.whl", hash = "sha256:42c16925aa5a02362f986765f9ebabf20de75cdefdca827d14315c568dcab113", size = 5330020, upload-time = "2026-03-29T13:21:08.635Z" },
    { url = "https://files.pythonhosted.org/packages/99/64/ffb99ac6ae93faf117bcbd5c7ba48a7f45364a33e8e458545d3633615dda/numpy-2.4.4-cp314-cp314t-macosx_14_0_x86_64.whl", hash = "sha256:874f200b2a981c647340f841730fc3a2b54c9d940566a3c4149099591e2c4c3d", size = 6650758, upload-time = "2026-03-29T13:21:10.949Z" },
    { url = "https://files.pythonhosted.org/packages/6e/6e/795cc078b78a384052e73b2f6281ff7a700e9bf53bcce2ee579d4f6dd879/numpy-2.4.4-cp314-cp314t-manylinux_2_27_aarch64.manylinux_2_28_aarch64.whl", hash = "sha256:c9b39d38a9bd2ae1becd7eac1303d031c5c110ad31f2b319c6e7d98b135c934d", size = 15729948, upload-time = "2026-03-29T13:21:14.047Z" },
    { url = "https://files.pythonhosted.org/packages/5f/86/2acbda8cc2af5f3d7bfc791192863b9e3e19674da7b5e533fded124d1299/numpy-2.4.4-cp314-cp314t-manylinux_2_27_x86_64.manylinux_2_28_x86_64.whl", hash = "sha256:b268594bccac7d7cf5844c7732e3f20c50921d94e36d7ec9b79e9857694b1b2f", size = 16679325, upload-time = "2026-03-29T13:21:17.561Z" },
    { url = "https://files.pythonhosted.org/packages/bc/59/cafd83018f4aa55e0ac6fa92aa066c0a1877b77a615ceff1711c260ffae8/numpy-2.4.4-cp314-cp314t-musllinux_1_2_aarch64.whl", hash = "sha256:ac6b31e35612a26483e20750126d30d0941f949426974cace8e6b5c58a3657b0", size = 17084883, upload-time = "2026-03-29T13:21:21.106Z" },
    { url = "https://files.pythonhosted.org/packages/f0/85/a42548db84e65ece46ab2caea3d3f78b416a47af387fcbb47ec28e660dc2/numpy-2.4.4-cp314-cp314t-musllinux_1_2_x86_64.whl", hash = "sha256:8e3ed142f2728df44263aaf5fb1f5b0b99f4070c553a0d7f033be65338329150", size = 18403474, upload-time = "2026-03-29T13:21:24.828Z" },
    { url = "https://files.pythonhosted.org/packages/ed/ad/483d9e262f4b831000062e5d8a45e342166ec8aaa1195264982bca267e62/numpy-2.4.4-cp314-cp314t-win32.whl", hash = "sha256:dddbbd259598d7240b18c9d87c56a9d2fb3b02fe266f49a7c101532e78c1d871", size = 6155500, upload-time = "2026-03-29T13:21:28.205Z" },
    { url = "https://files.pythonhosted.org/packages/c7/03/2fc4e14c7bd4ff2964b74ba90ecb8552540b6315f201df70f137faa5c589/numpy-2.4.4-cp314-cp314t-win_amd64.whl", hash = "sha256:a7164afb23be6e37ad90b2f10426149fd75aee07ca55653d2aa41e66c4ef697e", size = 12637755, upload-time = "2026-03-29T13:21:31.107Z" },
    { url = "https://files.pythonhosted.org/packages/58/78/548fb8e07b1a341746bfbecb32f2c268470f45fa028aacdbd10d9bc73aab/numpy-2.4.4-cp314-cp314t-win_arm64.whl", hash = "sha256:ba203255017337d39f89bdd58417f03c4426f12beed0440cfd933cb15f8669c7", size = 10566643, upload-time = "2026-03-29T13:21:34.339Z" },
    { url = "https://files.pythonhosted.org/packages/6b/33/8fae8f964a4f63ed528264ddf25d2b683d0b663e3cba26961eb838a7c1bd/numpy-2.4.4-pp311-pypy311_pp73-macosx_10_15_x86_64.whl", hash = "sha256:58c8b5929fcb8287cbd6f0a3fae19c6e03a5c48402ae792962ac465224a629a4", size = 16854491, upload-time = "2026-03-29T13:21:38.03Z" },
    { url = "https://files.pythonhosted.org/packages/bc/d0/1aabee441380b981cf8cdda3ae7a46aa827d1b5a8cce84d14598bc94d6d9/numpy-2.4.4-pp311-pypy311_pp73-macosx_11_0_arm64.whl", hash = "sha256:eea7ac5d2dce4189771cedb559c738a71512768210dc4e4753b107a2048b3d0e", size = 14895830, upload-time = "2026-03-29T13:21:41.509Z" },
    { url = "https://files.pythonhosted.org/packages/a5/b8/aafb0d1065416894fccf4df6b49ef22b8db045187949545bced89c034b8e/numpy-2.4.4-pp311-pypy311_pp73-macosx_14_0_arm64.whl", hash = "sha256:51fc224f7ca4d92656d5a5eb315f12eb5fe2c97a66249aa7b5f562528a3be38c", size = 5400927, upload-time = "2026-03-29T13:21:44.747Z" },
    { url = "https://files.pythonhosted.org/packages/d6/77/063baa20b08b431038c7f9ff5435540c7b7265c78cf56012a483019ca72d/numpy-2.4.4-pp311-pypy311_pp73-macosx_14_0_x86_64.whl", hash = "sha256:28a650663f7314afc3e6ec620f44f333c386aad9f6fc472030865dc0ebb26ee3", size = 6715557, upload-time = "2026-03-29T13:21:47.406Z" },
    { url = "https://files.pythonhosted.org/packages/c7/a8/379542d45a14f149444c5c4c4e7714707239ce9cc1de8c2803958889da14/numpy-2.4.4-pp311-pypy311_pp73-manylinux_2_27_aarch64.manylinux_2_28_aarch64.whl", hash = "sha256:19710a9ca9992d7174e9c52f643d4272dcd1558c5f7af7f6f8190f633bd651a7", size = 15804253, upload-time = "2026-03-29T13:21:50.753Z" },
    { url = "https://files.pythonhosted.org/packages/a2/c8/f0a45426d6d21e7ea3310a15cf90c43a14d9232c31a837702dba437f3373/numpy-2.4.4-pp311-pypy311_pp73-manylinux_2_27_x86_64.manylinux_2_28_x86_64.whl", hash = "sha256:9b2aec6af35c113b05695ebb5749a787acd63cafc83086a05771d1e1cd1e555f", size = 16753552, upload-time = "2026-03-29T13:21:54.344Z" },
    { url = "https://files.pythonhosted.org/packages/04/74/f4c001f4714c3ad9ce037e18cf2b9c64871a84951eaa0baf683a9ca9301c/numpy-2.4.4-pp311-pypy311_pp73-win_amd64.whl", hash = "sha256:f2cf083b324a467e1ab358c105f6cad5ea950f50524668a80c486ff1db24e119", size = 12509075, upload-time = "2026-03-29T13:21:57.644Z" },
]

[[package]]
name = "packaging"
version = "26.0"
source = { registry = "https://pypi.org/simple" }
sdist = { url = "https://files.pythonhosted.org/packages/65/ee/299d360cdc32edc7d2cf530f3accf79c4fca01e96ffc950d8a52213bd8e4/packaging-26.0.tar.gz", hash = "sha256:00243ae351a257117b6a241061796684b084ed1c516a08c48a3f7e147a9d80b4", size = 143416, upload-time = "2026-01-21T20:50:39.064Z" }
wheels = [
    { url = "https://files.pythonhosted.org/packages/b7/b9/c538f279a4e237a006a2c98387d081e9eb060d203d8ed34467cc0f0b9b53/packaging-26.0-py3-none-any.whl", hash = "sha256:b36f1fef9334a5588b4166f8bcd26a14e521f2b55e6b9de3aaa80d3ff7a37529", size = 74366, upload-time = "2026-01-21T20:50:37.788Z" },
]

[[package]]
name = "pluggy"
version = "1.6.0"
source = { registry = "https://pypi.org/simple" }
sdist = { url = "https://files.pythonhosted.org/packages/f9/e2/3e91f31a7d2b083fe6ef3fa267035b518369d9511ffab804f839851d2779/pluggy-1.6.0.tar.gz", hash = "sha256:7dcc130b76258d33b90f61b658791dede3486c3e6bfb003ee5c9bfb396dd22f3", size = 69412, upload-time = "2025-05-15T12:30:07.975Z" }
wheels = [
    { url = "https://files.pythonhosted.org/packages/54/20/4d324d65cc6d9205fabedc306948156824eb9f0ee1633355a8f7ec5c66bf/pluggy-1.6.0-py3-none-any.whl", hash = "sha256:e920276dd6813095e9377c0bc5566d94c932c33b27a3e3945d8389c374dd4746", size = 20538, upload-time = "2025-05-15T12:30:06.134Z" },
]

[[package]]
name = "pygments"
version = "2.20.0"
source = { registry = "https://pypi.org/simple" }
sdist = { url = "https://files.pythonhosted.org/packages/c3/b2/bc9c9196916376152d655522fdcebac55e66de6603a76a02bca1b6414f6c/pygments-2.20.0.tar.gz", hash = "sha256:6757cd03768053ff99f3039c1a36d6c0aa0b263438fcab17520b30a303a82b5f", size = 4955991, upload-time = "2026-03-29T13:29:33.898Z" }
wheels = [
    { url = "https://files.pythonhosted.org/packages/f4/7e/a72dd26f3b0f4f2bf1dd8923c85f7ceb43172af56d63c7383eb62b332364/pygments-2.20.0-py3-none-any.whl", hash = "sha256:81a9e26dd42fd28a23a2d169d86d7ac03b46e2f8b59ed4698fb4785f946d0176", size = 1231151, upload-time = "2026-03-29T13:29:30.038Z" },
]

[[package]]
name = "pyhdf"
version = "0.11.6"
source = { registry = "https://pypi.org/simple" }
dependencies = [
    { name = "numpy" },
]
sdist = { url = "https://files.pythonhosted.org/packages/b8/7b/ce37450155a25fe6edebb6aa7a4e3d928833ae88db73de4e47071973e836/pyhdf-0.11.6.tar.gz", hash = "sha256:9f6de3dd0a9651581e11e9a20f33ba16f4c79fb316c76082060ab33aeef98c5a", size = 150021, upload-time = "2025-01-05T04:02:36.913Z" }
wheels = [
    { url = "https://files.pythonhosted.org/packages/c5/98/5292994d56d09ebf2b539abf172bbe874f145af1c4a95597ec3e0a492a2b/pyhdf-0.11.6-cp311-cp311-macosx_14_0_arm64.whl", hash = "sha256:293d3fd3a4db332b756370cfb1fe6d2a10f07a6fd75bcb389ae56ff3ceec8fdb", size = 535106, upload-time = "2025-01-05T04:03:50.322Z" },
    { url = "https://files.pythonhosted.org/packages/82/ad/c187ba2204f016a1f26a39533662520539d160b32c4214a724e20ff57769/pyhdf-0.11.6-cp311-cp311-manylinux_2_17_x86_64.manylinux2014_x86_64.whl", hash = "sha256:4f6f622343c5a91d6cebf560c96d1d8ba4a0d89f52aa08251af38e868db2e583", size = 780327, upload-time = "2025-01-05T04:03:52.761Z" },
    { url = "https://files.pythonhosted.org/packages/2c/53/dbce3370aca05d1d17b14c9bc3b6311ccb434b2e2695f5f7bc04cbf7c5b2/pyhdf-0.11.6-cp311-cp311-win_amd64.whl", hash = "sha256:d88e2988ca63164bec7690b437795d1e8e49b1816289859202c4edd9cd721ba6", size = 188140, upload-time = "2025-01-05T04:03:55.091Z" },
    { url = "https://files.pythonhosted.org/packages/2e/ac/6dec1412b0fe5b441c242e9d1216adfec331f4b56bf46c095979b5dc4c4b/pyhdf-0.11.6-cp312-cp312-macosx_14_0_arm64.whl", hash = "sha256:053142ed95142cf946d66281e8c864d2197a32ef0d15927098dd42a7c578fafa", size = 533888, upload-time = "2025-01-05T04:03:57.337Z" },
    { url = "https://files.pythonhosted.org/packages/98/c7/2f4622b8b24585eab712aaa8d515e81673164ce5ffc2e99772fbc50d42dc/pyhdf-0.11.6-cp312-cp312-manylinux_2_17_x86_64.manylinux2014_x86_64.whl", hash = "sha256:4ae014b96a5cab50226a8ee69f06275a37e9f0b3641694e34737196f593254c6", size = 780339, upload-time = "2025-01-05T04:04:00.116Z" },
    { url = "https://files.pythonhosted.org/packages/1f/c4/69f0d35e789be4b0bc18ccfcaa3c59de9cf2ac3713cadb76bc93caf2f9b9/pyhdf-0.11.6-cp312-cp312-win_amd64.whl", hash = "sha256:39265924b78d43bef273ab512139a8ff5459991b8f7729563177e45b51b64a28", size = 188656, upload-time = "2025-01-05T04:04:02.457Z" },
    { url = "https://files.pythonhosted.org/packages/51/fe/96a539be4a88cd4fbab3c30c8f0a89c0af69c4348ab3183bc586da498ee3/pyhdf-0.11.6-cp313-cp313-macosx_14_0_arm64.whl", hash = "sha256:5f681a6c50ce8d452d7cca0d41f24f7706ced85e0651a12d71051ebd2261af16", size = 533896, upload-time = "2025-01-05T04:04:06.556Z" },
    { url = "https://files.pythonhosted.org/packages/09/de/7a274c2dcbfc7a1c8d65f0d1e5bda2829fdaf509f39e97463348661bab93/pyhdf-0.11.6-cp313-cp313-manylinux_2_17_x86_64.manylinux2014_x86_64.whl", hash = "sha256:b068905a11a095444cea19b128c23cbb0e5935a4a3bde764a2288b59ec0eb4a5", size = 780316, upload-time = "2025-01-05T04:04:07.914Z" },
    { url = "https://files.pythonhosted.org/packages/4b/ac/0849725e532eb4cc3578afce74685d0f0c8b8fe65cf18b688c7240cec54e/pyhdf-0.11.6-cp313-cp313-win_amd64.whl", hash = "sha256:2cce1f316ecc22472661a73470b4a7c92ce19ad17dbf58eed0615eecf6c8827d", size = 188666, upload-time = "2025-01-05T04:04:09.201Z" },
]

[[package]]
name = "pytest"
version = "9.0.2"
source = { registry = "https://pypi.org/simple" }
dependencies = [
    { name = "colorama", marker = "sys_platform == 'win32'" },
    { name = "iniconfig" },
    { name = "packaging" },
    { name = "pluggy" },
    { name = "pygments" },
]
sdist = { url = "https://files.pythonhosted.org/packages/d1/db/7ef3487e0fb0049ddb5ce41d3a49c235bf9ad299b6a25d5780a89f19230f/pytest-9.0.2.tar.gz", hash = "sha256:75186651a92bd89611d1d9fc20f0b4345fd827c41ccd5c299a868a05d70edf11", size = 1568901, upload-time = "2025-12-06T21:30:51.014Z" }
wheels = [
    { url = "https://files.pythonhosted.org/packages/3b/ab/b3226f0bd7cdcf710fbede2b3548584366da3b19b5021e74f5bde2a8fa3f/pytest-9.0.2-py3-none-any.whl", hash = "sha256:711ffd45bf766d5264d487b917733b453d917afd2b0ad65223959f59089f875b", size = 374801, upload-time = "2025-12-06T21:30:49.154Z" },
]
